
Microsoft Visual Studio Solution File, Format Version 12.00
# Visual Studio 14
VisualStudioVersion = 14.0.25420.1
MinimumVisualStudioVersion = 10.0.40219.1
Project("{FAE04EC0-301F-11D3-BF4B-00C04F79EFBC}") = "RUAP_LV4", "RUAP_LV4\RUAP_LV4.csproj", "{CE0F92AA-6E6E-404A-AB80-B73493C5B66D}"
EndProject
Global
	GlobalSection(SolutionConfigurationPlatforms) = preSolution
		Debug|Any CPU = Debug|Any CPU
		Release|Any CPU = Release|Any CPU
	EndGlobalSection
	GlobalSection(ProjectConfigurationPlatforms) = postSolution
		{CE0F92AA-6E6E-404A-AB80-B73493C5B66D}.Debug|Any CPU.ActiveCfg = Debug|Any CPU
		{CE0F92AA-6E6E-404A-AB80-B73493C5B66D}.Debug|Any CPU.Build.0 = Debug|Any CPU
		{CE0F92AA-6E6E-404A-AB80-B73493C5B66D}.Release|Any CPU.ActiveCfg = Release|Any CPU
		{CE0F92AA-6E6E-404A-AB80-B73493C5B66D}.Release|Any CPU.Build.0 = Release|Any CPU
	EndGlobalSection
	GlobalSection(SolutionProperties) = preSolution
		HideSolutionNode = FALSE
	EndGlobalSection
EndGlobal
